Microsoft Visual Studio Solution File, Format Version 12.00
# Visual Studio 14
VisualStudioVersion = 14.0.23107.0
MinimumVisualStudioVersion = 10.0.40219.1
Project("{8BC9CEB8-8B4A-11D0-8D11-00A0C91BC942}") = "find_and_fix_memory_errors", "find_and_fix_memory_errors.vcxproj", "{1968017A-352E-4D95-8509-E4A163DFA452}"
EndProject
Project("{8BC9CEB8-8B4A-11D0-8D11-00A0C91BC942}") = "find_and_fix_threading_errors", "find_and_fix_threading_errors.vcxproj", "{65091CA5-F74D-4060-8175-15495FF7355F}"
EndProject
Project("{8BC9CEB8-8B4A-11D0-8D11-00A0C91BC942}") = "tachyon.common", "tachyon.vcxproj", "{924517DF-2B6A-47D5-8A11-CC247CC4D810}"
EndProject
Global
	GlobalSection(SolutionConfigurationPlatforms) = preSolution
		Debug|Win32 = Debug|Win32
		Debug|x64 = Debug|x64
		Release|Win32 = Release|Win32
		Release|x64 = Release|x64
		Description = Tachyon ray-tracer example
	EndGlobalSection
	GlobalSection(ProjectConfigurationPlatforms) = postSolution
		{1968017A-352E-4D95-8509-E4A163DFA452}.Debug|Win32.ActiveCfg = Debug|Win32
		{1968017A-352E-4D95-8509-E4A163DFA452}.Debug|Win32.Build.0 = Debug|Win32
		{1968017A-352E-4D95-8509-E4A163DFA452}.Debug|x64.ActiveCfg = Debug|x64
		{1968017A-352E-4D95-8509-E4A163DFA452}.Debug|x64.Build.0 = Debug|x64
		{1968017A-352E-4D95-8509-E4A163DFA452}.Release|Win32.ActiveCfg = Release|Win32
		{1968017A-352E-4D95-8509-E4A163DFA452}.Release|Win32.Build.0 = Release|Win32
		{1968017A-352E-4D95-8509-E4A163DFA452}.Release|x64.ActiveCfg = Release|x64
		{1968017A-352E-4D95-8509-E4A163DFA452}.Release|x64.Build.0 = Release|x64
		{65091CA5-F74D-4060-8175-15495FF7355F}.Debug|Win32.ActiveCfg = Debug|Win32
		{65091CA5-F74D-4060-8175-15495FF7355F}.Debug|Win32.Build.0 = Debug|Win32
		{65091CA5-F74D-4060-8175-15495FF7355F}.Debug|x64.ActiveCfg = Debug|x64
		{65091CA5-F74D-4060-8175-15495FF7355F}.Debug|x64.Build.0 = Debug|x64
		{65091CA5-F74D-4060-8175-15495FF7355F}.Release|Win32.ActiveCfg = Release|Win32
		{65091CA5-F74D-4060-8175-15495FF7355F}.Release|Win32.Build.0 = Release|Win32
		{65091CA5-F74D-4060-8175-15495FF7355F}.Release|x64.ActiveCfg = Release|x64
		{65091CA5-F74D-4060-8175-15495FF7355F}.Release|x64.Build.0 = Release|x64
		{924517DF-2B6A-47D5-8A11-CC247CC4D810}.Debug|Win32.ActiveCfg = Debug|Win32
		{924517DF-2B6A-47D5-8A11-CC247CC4D810}.Debug|Win32.Build.0 = Debug|Win32
		{924517DF-2B6A-47D5-8A11-CC247CC4D810}.Debug|x64.ActiveCfg = Debug|x64
		{924517DF-2B6A-47D5-8A11-CC247CC4D810}.Debug|x64.Build.0 = Debug|x64
		{924517DF-2B6A-47D5-8A11-CC247CC4D810}.Release|Win32.ActiveCfg = Release|Win32
		{924517DF-2B6A-47D5-8A11-CC247CC4D810}.Release|Win32.Build.0 = Release|Win32
		{924517DF-2B6A-47D5-8A11-CC247CC4D810}.Release|x64.ActiveCfg = Release|x64
		{924517DF-2B6A-47D5-8A11-CC247CC4D810}.Release|x64.Build.0 = Release|x64
	EndGlobalSection
	GlobalSection(SolutionProperties) = preSolution
		HideSolutionNode = FALSE
	EndGlobalSection
EndGlobal
